
Microsoft Visual Studio Solution File, Format Version 12.00
# Visual Studio 15
VisualStudioVersion = 15.0.28307.329
MinimumVisualStudioVersion = 10.0.40219.1
Project("{9A19103F-16F7-4668-BE54-9A1E7A4F7556}") = "GitMVCApp", "GitMVCApp\GitMVCApp.csproj", "{A31D23A9-29F9-4DC2-AEA1-225482F3D3EA}"
EndProject
Global
	GlobalSection(SolutionConfigurationPlatforms) = preSolution
		Debug|Any CPU = Debug|Any CPU
		Release|Any CPU = Release|Any CPU
	EndGlobalSection
	GlobalSection(ProjectConfigurationPlatforms) = postSolution
		{A31D23A9-29F9-4DC2-AEA1-225482F3D3EA}.Debug|Any CPU.ActiveCfg = Debug|Any CPU
		{A31D23A9-29F9-4DC2-AEA1-225482F3D3EA}.Debug|Any CPU.Build.0 = Debug|Any CPU
		{A31D23A9-29F9-4DC2-AEA1-225482F3D3EA}.Release|Any CPU.ActiveCfg = Release|Any CPU
		{A31D23A9-29F9-4DC2-AEA1-225482F3D3EA}.Release|Any CPU.Build.0 = Release|Any CPU
	EndGlobalSection
	GlobalSection(SolutionProperties) = preSolution
		HideSolutionNode = FALSE
	EndGlobalSection
	GlobalSection(ExtensibilityGlobals) = postSolution
		SolutionGuid = {7BF94E06-1B1C-40B0-AC4D-FCDF3E7D2C4E}
	EndGlobalSection
EndGlobal
